{
  "nodes": {
    "agent-skills": {
      "inputs": {
        "nixpkgs": "nixpkgs"
      },
      "locked": {
        "lastModified": 1789145426,
        "narHash": "sha256-Wf+7Qzt8+nz4TXPCbWnMjOAdzbVM6blW9J6JP+YhSy8=",
        "owner": "Kyure-A",
        "repo": "agent-skills-nix",
        "rev": "5133c874553c6c295654d8de4e3f62c95736b9c6",
        "type": "github"
      },
      "original": {
        "owner": "Kyure-A",
        "repo": "agent-skills-nix",
        "type": "github"
      }
    },
    "anthropic": {
      "flake": false,
      "locked": {
        "lastModified": 1770412772,
        "narHash": "sha256-9FGubcwHcGBJcKl02aJ+YsTMiwDOdgU/FHALjARG51c=",
        "owner": "anthropics",
        "repo": "skills",
        "rev": "1ed29a03dc852d30fa6ef2ca53a67dc2c2c2c563",
        "type": "github"
      },
      "original": {
        "owner": "anthropics",
        "repo": "skills",
        "type": "github"
      }
    },
    "find-skills": {
      "flake": false,
      "locked": {
        "lastModified": 1771039040,
        "narHash": "sha256-JidfLICAkXY1xEUSGcRZbS88x50cxyZcG9uRFASqOqI=",
        "owner": "vercel-labs",
        "repo": "skills",
        "rev": "82dd76bda58bedde5ddbf8f86fe63a538db20c19",
        "type": "github"
      },
      "original": {
        "owner": "vercel-labs",
        "repo": "skills",
        "type": "github"
      }
    },
    "natural-japanese": {
      "flake": false,
      "locked": {
        "lastModified": 1784732195,
        "narHash": "sha256-OR5pLtaGAYdGe4X/0l80OFeAvC4YKAJeFYsss57znVs=",
        "owner": "coji",
        "repo": "natural-japanese",
        "rev": "b54954f8deb4f110f0959f4e4fac295708900120",
        "type": "github"
      },
      "original": {
        "owner": "coji",
        "repo": "natural-japanese",
        "type": "github"
      }
    },
    "nixpkgs": {
      "locked": {
        "lastModified": 1785571196,
        "narHash": "sha256-KoTsyMQqnXQZq8deCEnu4QkyldkwH/bpMMhUcfMdGIw=",
        "owner": "NixOS",
        "repo": "nixpkgs",
        "rev": "148bab9c1c3c53136ecb44a6ea356a0ed5b39b06",
        "type": "github"
      },
      "original": {
        "owner": "NixOS",
        "ref": "nixos-unstable",
        "repo": "nixpkgs",
        "type": "github"
      }
    },
    "root": {
      "inputs": {
        "agent-skills": "agent-skills",
        "anthropic": "anthropic",
        "find-skills": "find-skills",
        "natural-japanese": "natural-japanese"
      }
    }
  },
  "root": "root",
  "version": 7
}
