{
  "nodes": {
    "agent-skills": {
      "inputs": {
        "home-manager": "home-manager",
        "nixpkgs": "nixpkgs"
      },
      "locked": {
        "lastModified": 1770375875,
        "narHash": "sha256-0hwqMVbMKfKBNoOfDfgVusZWqYylTtEBYbc5K2lp7Ns=",
        "owner": "Kyure-A",
        "repo": "agent-skills-nix",
        "rev": "0de0b1522651fbe86eb2d62369b5dc4c40c2170f",
        "type": "github"
      },
      "original": {
        "owner": "Kyure-A",
        "repo": "agent-skills-nix",
        "type": "github"
      }
    },
    "anthropic": {
      "flake": false,
      "locked": {
        "lastModified": 1770171633,
        "narHash": "sha256-8tANLG91vLbC30IFpEakPBN9bUjJJldpvX28w9e9y80=",
        "owner": "anthropics",
        "repo": "skills",
        "rev": "a5bcdd7e58cdff48566bf876f0a72a2008dcefbc",
        "type": "github"
      },
      "original": {
        "owner": "anthropics",
        "repo": "skills",
        "type": "github"
      }
    },
    "home-manager": {
      "inputs": {
        "nixpkgs": [
          "agent-skills",
          "nixpkgs"
        ]
      },
      "locked": {
        "lastModified": 1770318660,
        "narHash": "sha256-yFVde8QZK7Dc0Xa8eQDsmxLX4NJNfL1NKfctSyiQgMY=",
        "owner": "nix-community",
        "repo": "home-manager",
        "rev": "471e6a065f9efed51488d7c51a9abbd387df91b8",
        "type": "github"
      },
      "original": {
        "owner": "nix-community",
        "repo": "home-manager",
        "type": "github"
      }
    },
    "nixpkgs": {
      "locked": {
        "lastModified": 1770197578,
        "narHash": "sha256-AYqlWrX09+HvGs8zM6ebZ1pwUqjkfpnv8mewYwAo+iM=",
        "owner": "NixOS",
        "repo": "nixpkgs",
        "rev": "00c21e4c93d963c50d4c0c89bfa84ed6e0694df2",
        "type": "github"
      },
      "original": {
        "owner": "NixOS",
        "ref": "nixos-unstable",
        "repo": "nixpkgs",
        "type": "github"
      }
    },
    "remotion": {
      "flake": false,
      "locked": {
        "lastModified": 1770289517,
        "narHash": "sha256-q3mri2ctEmPfVeMibWga++JhbDON3g2K1KayiheIofg=",
        "owner": "remotion-dev",
        "repo": "skills",
        "rev": "e65ecec95f6782ffa057de4dc7c54628dd1e9924",
        "type": "github"
      },
      "original": {
        "owner": "remotion-dev",
        "repo": "skills",
        "type": "github"
      }
    },
    "root": {
      "inputs": {
        "agent-skills": "agent-skills",
        "anthropic": "anthropic",
        "remotion": "remotion",
        "ui-skills": "ui-skills",
        "vercel": "vercel"
      }
    },
    "ui-skills": {
      "flake": false,
      "locked": {
        "lastModified": 1769765439,
        "narHash": "sha256-dzOMQUlr9iqlWDPVU186TMSt2iIlmWKPqC/KQuIN9Xs=",
        "owner": "ibelick",
        "repo": "ui-skills",
        "rev": "b6bb121725c9f75426392394f306b0d34d9090fa",
        "type": "github"
      },
      "original": {
        "owner": "ibelick",
        "repo": "ui-skills",
        "type": "github"
      }
    },
    "vercel": {
      "flake": false,
      "locked": {
        "lastModified": 1769685356,
        "narHash": "sha256-rSfySiCwtEP82tG9La4G7l4bu7W40ICT2qHeqpJArXc=",
        "owner": "vercel-labs",
        "repo": "agent-skills",
        "rev": "e23951b8cad2f4b1e7e176c5731127c1263fe86f",
        "type": "github"
      },
      "original": {
        "owner": "vercel-labs",
        "repo": "agent-skills",
        "type": "github"
      }
    }
  },
  "root": "root",
  "version": 7
}
