{
  "nodes": {
    "agent-skills": {
      "inputs": {
        "home-manager": "home-manager",
        "nixpkgs": "nixpkgs"
      },
      "locked": {
        "lastModified": 1766729803,
        "narHash": "sha256-6IwXRgTrG3UCTbzaI69s2x9sq+/Rv/yFR1tyfZlUlik=",
        "owner": "Kyure-A",
        "repo": "agent-skills-nix",
        "rev": "37f781cb40a393a29bd3d6f2e8bf2c220bbbd8d8",
        "type": "github"
      },
      "original": {
        "owner": "Kyure-A",
        "repo": "agent-skills-nix",
        "type": "github"
      }
    },
    "anthropic-skills": {
      "flake": false,
      "locked": {
        "lastModified": 1766254184,
        "narHash": "sha256-pllFZoWRdtLliz/5pLWks0V9nKFMzeWoRcmFgu2UWi8=",
        "owner": "anthropics",
        "repo": "skills",
        "rev": "69c0b1a0674149f27b61b2635f935524b6add202",
        "type": "github"
      },
      "original": {
        "owner": "anthropics",
        "repo": "skills",
        "type": "github"
      }
    },
    "home-manager": {
      "inputs": {
        "nixpkgs": [
          "agent-skills",
          "nixpkgs"
        ]
      },
      "locked": {
        "lastModified": 1766387499,
        "narHash": "sha256-AjK3/UKDzeXFeYNLVBaJ3+HLE9he1g5UrlNd4/BM3eA=",
        "owner": "nix-community",
        "repo": "home-manager",
        "rev": "527ad07e6625302b648ed3b28c34b62a79bd103e",
        "type": "github"
      },
      "original": {
        "owner": "nix-community",
        "repo": "home-manager",
        "type": "github"
      }
    },
    "my-skills": {
      "flake": false,
      "locked": {
        "lastModified": 1766736918,
        "narHash": "sha256-ly5I8JDeqVUIgb5jp2q+IZXTne/kbFWLWSYzkgb79/4=",
        "owner": "Kyure-A",
        "repo": "skills",
        "rev": "32461bed0ac47a66c801a1e00f5e8e1e49153543",
        "type": "github"
      },
      "original": {
        "owner": "Kyure-A",
        "repo": "skills",
        "type": "github"
      }
    },
    "nixpkgs": {
      "locked": {
        "lastModified": 1766309749,
        "narHash": "sha256-3xY8CZ4rSnQ0NqGhMKAy5vgC+2IVK0NoVEzDoOh4DA4=",
        "owner": "NixOS",
        "repo": "nixpkgs",
        "rev": "a6531044f6d0bef691ea18d4d4ce44d0daa6e816",
        "type": "github"
      },
      "original": {
        "owner": "NixOS",
        "ref": "nixos-unstable",
        "repo": "nixpkgs",
        "type": "github"
      }
    },
    "root": {
      "inputs": {
        "agent-skills": "agent-skills",
        "anthropic-skills": "anthropic-skills",
        "my-skills": "my-skills"
      }
    }
  },
  "root": "root",
  "version": 7
}
